
Microsoft Visual Studio Solution File, Format Version 12.00
# Visual Studio Version 16
VisualStudioVersion = 16.0.32602.291
MinimumVisualStudioVersion = 10.0.40219.1
Project("{FAE04EC0-301F-11D3-BF4B-00C04F79EFBC}") = "vektorizer", "vektorizer\vektorizer.csproj", "{87730EA9-489D-471D-81E5-764A965DB49C}"
EndProject
Global
	GlobalSection(SolutionConfigurationPlatforms) = preSolution
		Debug|Any CPU = Debug|Any CPU
		Release|Any CPU = Release|Any CPU
	EndGlobalSection
	GlobalSection(ProjectConfigurationPlatforms) = postSolution
		{87730EA9-489D-471D-81E5-764A965DB49C}.Debug|Any CPU.ActiveCfg = Debug|Any CPU
		{87730EA9-489D-471D-81E5-764A965DB49C}.Debug|Any CPU.Build.0 = Debug|Any CPU
		{87730EA9-489D-471D-81E5-764A965DB49C}.Release|Any CPU.ActiveCfg = Release|Any CPU
		{87730EA9-489D-471D-81E5-764A965DB49C}.Release|Any CPU.Build.0 = Release|Any CPU
	EndGlobalSection
	GlobalSection(SolutionProperties) = preSolution
		HideSolutionNode = FALSE
	EndGlobalSection
	GlobalSection(ExtensibilityGlobals) = postSolution
		SolutionGuid = {61CF4EAC-E282-4DF1-BC1B-4B29BB0302D5}
	EndGlobalSection
EndGlobal
